
Microsoft Visual Studio Solution File, Format Version 12.00
# Visual Studio Version 17
VisualStudioVersion = 17.13.35931.197
MinimumVisualStudioVersion = 10.0.40219.1
Project("{FAE04EC0-301F-11D3-BF4B-00C04F79EFBC}") = "Project-EasySave", "Project-EasySave.csproj", "{BF204052-F1D7-48FA-96A9-A077898A4717}"
EndProject
Project("{FAE04EC0-301F-11D3-BF4B-00C04F79EFBC}") = "WpfApp", "..\WpfApp\WpfApp.csproj", "{801DC297-9A6E-4CC7-BBF7-22F1A8B2892A}"
EndProject
Project("{2150E333-8FDC-42A3-9474-1A3956D46DE8}") = "image", "image", "{02EA681E-C7D8-13C7-8484-4AC65E1B71E8}"
	ProjectSection(SolutionItems) = preProject
		..\..\..\..\..\..\Downloads\bin-svgrepo-com.png = ..\..\..\..\..\..\Downloads\bin-svgrepo-com.png
		..\..\..\..\..\..\Downloads\chevron-left-circle-svgrepo-com.png = ..\..\..\..\..\..\Downloads\chevron-left-circle-svgrepo-com.png
		..\..\..\..\..\..\Downloads\flag-gb-svgrepo-com.png = ..\..\..\..\..\..\Downloads\flag-gb-svgrepo-com.png
		..\..\..\..\..\..\Downloads\flag-wf-svgrepo-com.png = ..\..\..\..\..\..\Downloads\flag-wf-svgrepo-com.png
		..\..\..\..\..\..\Downloads\multiple-svgrepo-com (1).png = ..\..\..\..\..\..\Downloads\multiple-svgrepo-com (1).png
		..\..\..\..\..\..\Downloads\pen-field-svgrepo-com.png = ..\..\..\..\..\..\Downloads\pen-field-svgrepo-com.png
		..\..\..\..\..\..\Downloads\plus-svgrepo-com.png = ..\..\..\..\..\..\Downloads\plus-svgrepo-com.png
		..\..\..\..\..\..\Downloads\settings-svgrepo-com.png = ..\..\..\..\..\..\Downloads\settings-svgrepo-com.png
		..\..\..\..\..\..\Downloads\target-arrow-svgrepo-com.png = ..\..\..\..\..\..\Downloads\target-arrow-svgrepo-com.png
	EndProjectSection
EndProject
Global
	GlobalSection(SolutionConfigurationPlatforms) = preSolution
		Debug|Any CPU = Debug|Any CPU
		Release|Any CPU = Release|Any CPU
	EndGlobalSection
	GlobalSection(ProjectConfigurationPlatforms) = postSolution
		{BF204052-F1D7-48FA-96A9-A077898A4717}.Debug|Any CPU.ActiveCfg = Debug|Any CPU
		{BF204052-F1D7-48FA-96A9-A077898A4717}.Debug|Any CPU.Build.0 = Debug|Any CPU
		{BF204052-F1D7-48FA-96A9-A077898A4717}.Release|Any CPU.ActiveCfg = Release|Any CPU
		{BF204052-F1D7-48FA-96A9-A077898A4717}.Release|Any CPU.Build.0 = Release|Any CPU
		{801DC297-9A6E-4CC7-BBF7-22F1A8B2892A}.Debug|Any CPU.ActiveCfg = Debug|Any CPU
		{801DC297-9A6E-4CC7-BBF7-22F1A8B2892A}.Debug|Any CPU.Build.0 = Debug|Any CPU
		{801DC297-9A6E-4CC7-BBF7-22F1A8B2892A}.Release|Any CPU.ActiveCfg = Release|Any CPU
		{801DC297-9A6E-4CC7-BBF7-22F1A8B2892A}.Release|Any CPU.Build.0 = Release|Any CPU
	EndGlobalSection
	GlobalSection(SolutionProperties) = preSolution
		HideSolutionNode = FALSE
	EndGlobalSection
	GlobalSection(ExtensibilityGlobals) = postSolution
		SolutionGuid = {CE5FE2BB-2C64-49E0-BC3F-B597C2AB7EBE}
	EndGlobalSection
EndGlobal
